<?xml version="1.0" encoding="UTF-8" standalone="yes" ?>
<CodeBlocks_project_file>
	<FileVersion major="1" minor="6" />
	<Project>
		<Option title="GLTest" />
		<Option pch_mode="2" />
		<Option compiler="gcc" />
		<Build>
			<Target title="Debug">
				<Option output="bin/Debug/GLTest" prefix_auto="1" extension_auto="1" />
				<Option object_output="obj/Debug/" />
				<Option type="1" />
				<Option compiler="gcc" />
				<Compiler>
					<Add option="-g" />
					<Add option="-DDEBUG" />
					<Add directory="include" />
				</Compiler>
			</Target>
			<Target title="Release">
				<Option output="bin/Release/GLTest" prefix_auto="1" extension_auto="1" />
				<Option object_output="obj/Release/" />
				<Option type="1" />
				<Option compiler="gcc" />
				<Compiler>
					<Add option="-march=corei7-avx" />
					<Add option="-O2" />
					<Add directory="include" />
				</Compiler>
				<Linker>
					<Add option="-s" />
				</Linker>
			</Target>
			<Target title="NoDebug">
				<Option output="bin/NoDebug/GLTest" prefix_auto="1" extension_auto="1" />
				<Option object_output="obj/NoDebug/" />
				<Option type="1" />
				<Option compiler="gcc" />
				<Compiler>
					<Add option="-O0" />
					<Add directory="include" />
				</Compiler>
			</Target>
			<Target title="DebugCov">
				<Option output="bin/DebugCov/GLTest" prefix_auto="1" extension_auto="1" />
				<Option object_output="obj/DebugCov/" />
				<Option type="1" />
				<Option compiler="gcc" />
				<Compiler>
					<Add option="-pg" />
					<Add option="-g" />
					<Add option="-DDEBUG" />
					<Add directory="include" />
				</Compiler>
				<Linker>
					<Add option="-pg -lgmon" />
				</Linker>
			</Target>
		</Build>
		<Compiler>
			<Add option="-std=c++11" />
			<Add option="-Wextra" />
			<Add option="-Wall" />
			<Add option="-pipe" />
		</Compiler>
		<Linker>
			<Add library="libglimg.a" />
			<Add library="libglload.a" />
			<Add library="libglfw3dll.a" />
			<Add library="libassimp.a" />
			<Add library="libopengl32.a" />
			<Add library="libzlib.dll.a" />
		</Linker>
		<Unit filename="AlignedWrite.cpp" />
		<Unit filename="AlignedWrite.hpp" />
		<Unit filename="ContextWindow.cpp" />
		<Unit filename="ContextWindow.hpp" />
		<Unit filename="GLTest.mk" />
		<Unit filename="Includes.h">
			<Option compile="1" />
			<Option weight="0" />
		</Unit>
		<Unit filename="Light.cpp" />
		<Unit filename="Light.hpp" />
		<Unit filename="Material.cpp" />
		<Unit filename="Material.hpp" />
		<Unit filename="Shader.cpp" />
		<Unit filename="Shader.hpp" />
		<Unit filename="ShaderProgram.cpp" />
		<Unit filename="ShaderProgram.hpp" />
		<Unit filename="ShaderProgramManager.cpp" />
		<Unit filename="ShaderProgramManager.hpp" />
		<Unit filename="StaticMesh.cpp" />
		<Unit filename="StaticMesh.h" />
		<Unit filename="Texture.cpp" />
		<Unit filename="Texture.hpp" />
		<Unit filename="main.cpp" />
		<Unit filename="resources/shaders/main.frag.glsl" />
		<Unit filename="resources/shaders/main.vert.glsl" />
		<Extensions>
			<code_completion />
			<envvars />
			<debugger />
			<lib_finder disable_auto="1" />
		</Extensions>
	</Project>
</CodeBlocks_project_file>
